
Microsoft Visual Studio Solution File, Format Version 12.00
# Visual Studio Version 17
VisualStudioVersion = 17.10.35013.160
MinimumVisualStudioVersion = 10.0.40219.1
Project("{9A19103F-16F7-4668-BE54-9A1E7A4F7556}") = "BulkyWeb", "BulkyWeb\BulkyWeb.csproj", "{CB164986-0BA3-44DD-BC0A-40D1FD83AA08}"
EndProject
Project("{9A19103F-16F7-4668-BE54-9A1E7A4F7556}") = "Bulky.DataAccess", "Bulky.DataAccess\Bulky.DataAccess.csproj", "{070D981F-DDE2-429C-BFD0-8568A2E787B0}"
EndProject
Project("{9A19103F-16F7-4668-BE54-9A1E7A4F7556}") = "Bulky.Models", "Bulky.Models\Bulky.Models.csproj", "{446CB882-0F5E-4310-91E9-A5FAFBB69C8E}"
EndProject
Project("{9A19103F-16F7-4668-BE54-9A1E7A4F7556}") = "Bulky.Utility", "Bulky.Utility\Bulky.Utility.csproj", "{78DC6F14-359F-4A19-8878-AF7B27E95AC5}"
EndProject
Global
	GlobalSection(SolutionConfigurationPlatforms) = preSolution
		Debug|Any CPU = Debug|Any CPU
		Release|Any CPU = Release|Any CPU
	EndGlobalSection
	GlobalSection(ProjectConfigurationPlatforms) = postSolution
		{CB164986-0BA3-44DD-BC0A-40D1FD83AA08}.Debug|Any CPU.ActiveCfg = Debug|Any CPU
		{CB164986-0BA3-44DD-BC0A-40D1FD83AA08}.Debug|Any CPU.Build.0 = Debug|Any CPU
		{CB164986-0BA3-44DD-BC0A-40D1FD83AA08}.Release|Any CPU.ActiveCfg = Release|Any CPU
		{CB164986-0BA3-44DD-BC0A-40D1FD83AA08}.Release|Any CPU.Build.0 = Release|Any CPU
		{070D981F-DDE2-429C-BFD0-8568A2E787B0}.Debug|Any CPU.ActiveCfg = Debug|Any CPU
		{070D981F-DDE2-429C-BFD0-8568A2E787B0}.Debug|Any CPU.Build.0 = Debug|Any CPU
		{070D981F-DDE2-429C-BFD0-8568A2E787B0}.Release|Any CPU.ActiveCfg = Release|Any CPU
		{070D981F-DDE2-429C-BFD0-8568A2E787B0}.Release|Any CPU.Build.0 = Release|Any CPU
		{446CB882-0F5E-4310-91E9-A5FAFBB69C8E}.Debug|Any CPU.ActiveCfg = Debug|Any CPU
		{446CB882-0F5E-4310-91E9-A5FAFBB69C8E}.Debug|Any CPU.Build.0 = Debug|Any CPU
		{446CB882-0F5E-4310-91E9-A5FAFBB69C8E}.Release|Any CPU.ActiveCfg = Release|Any CPU
		{446CB882-0F5E-4310-91E9-A5FAFBB69C8E}.Release|Any CPU.Build.0 = Release|Any CPU
		{78DC6F14-359F-4A19-8878-AF7B27E95AC5}.Debug|Any CPU.ActiveCfg = Debug|Any CPU
		{78DC6F14-359F-4A19-8878-AF7B27E95AC5}.Debug|Any CPU.Build.0 = Debug|Any CPU
		{78DC6F14-359F-4A19-8878-AF7B27E95AC5}.Release|Any CPU.ActiveCfg = Release|Any CPU
		{78DC6F14-359F-4A19-8878-AF7B27E95AC5}.Release|Any CPU.Build.0 = Release|Any CPU
	EndGlobalSection
	GlobalSection(SolutionProperties) = preSolution
		HideSolutionNode = FALSE
	EndGlobalSection
	GlobalSection(ExtensibilityGlobals) = postSolution
		SolutionGuid = {3A3B07C6-880F-4A97-B621-4C4D23A38DA5}
	EndGlobalSection
EndGlobal
